// !$*UTF8*$!
{
	archiveVersion = 1;
	classes = {
	};
	objectVersion = 50;
	objects = {

/* Begin PBXBuildFile section */
		88C963562090F6BA00926B7D /* AppDelegate.swift in Sources */ = {isa = PBXBuildFile; fileRef = 88C963552090F6BA00926B7D /* AppDelegate.swift */; };
		88C963592090F6BC00926B7D /* Assets.xcassets in Resources */ = {isa = PBXBuildFile; fileRef = 88C963582090F6BC00926B7D /* Assets.xcassets */; };
		88F54633209788FE00E0AABA /* HelloWorld.xml in Resources */ = {isa = PBXBuildFile; fileRef = 88F54632209788FE00E0AABA /* HelloWorld.xml */; };
		88F5463520978AB800E0AABA /* NextPage.xml in Resources */ = {isa = PBXBuildFile; fileRef = 88F5463420978AB800E0AABA /* NextPage.xml */; };
		88F5463720978AF300E0AABA /* PageNavigation.xml in Resources */ = {isa = PBXBuildFile; fileRef = 88F5463620978AF300E0AABA /* PageNavigation.xml */; };
/* End PBXBuildFile section */

/* Begin PBXFileReference section */
		88C963522090F6BA00926B7D /* UATVML.app */ = {isa = PBXFileReference; explicitFileType = wrapper.application; includeInIndex = 0; path = UATVML.app; sourceTree = BUILT_PRODUCTS_DIR; };
		88C963552090F6BA00926B7D /* AppDelegate.swift */ = {isa = PBXFileReference; lastKnownFileType = sourcecode.swift; path = AppDelegate.swift; sourceTree = "<group>"; };
		88C963572090F6BA00926B7D /* application.js */ = {isa = PBXFileReference; lastKnownFileType = sourcecode.javascript; path = application.js; sourceTree = "<group>"; };
		88C963582090F6BC00926B7D /* Assets.xcassets */ = {isa = PBXFileReference; lastKnownFileType = folder.assetcatalog; path = Assets.xcassets; sourceTree = "<group>"; };
		88C9635A2090F6BC00926B7D /* Info.plist */ = {isa = PBXFileReference; lastKnownFileType = text.plist.xml; path = Info.plist; sourceTree = "<group>"; };
		88F54632209788FE00E0AABA /* HelloWorld.xml */ = {isa = PBXFileReference; fileEncoding = 4; lastKnownFileType = text.xml; name = HelloWorld.xml; path = templates/HelloWorld.xml; sourceTree = "<group>"; };
		88F5463420978AB800E0AABA /* NextPage.xml */ = {isa = PBXFileReference; lastKnownFileType = text.xml; name = NextPage.xml; path = templates/NextPage.xml; sourceTree = "<group>"; };
		88F5463620978AF300E0AABA /* PageNavigation.xml */ = {isa = PBXFileReference; fileEncoding = 4; lastKnownFileType = text.xml; name = PageNavigation.xml; path = templates/PageNavigation.xml; sourceTree = "<group>"; };
/* End PBXFileReference section */

/* Begin PBXFrameworksBuildPhase section */
		88C9634F2090F6BA00926B7D /* Frameworks */ = {
			isa = PBXFrameworksBuildPhase;
			buildActionMask = 2147483647;
			files = (
			);
			runOnlyForDeploymentPostprocessing = 0;
		};
/* End PBXFrameworksBuildPhase section */

/* Begin PBXGroup section */
		88C963492090F6BA00926B7D = {
			isa = PBXGroup;
			children = (
				88C963542090F6BA00926B7D /* UATVML */,
				88C963532090F6BA00926B7D /* Products */,
			);
			sourceTree = "<group>";
		};
		88C963532090F6BA00926B7D /* Products */ = {
			isa = PBXGroup;
			children = (
				88C963522090F6BA00926B7D /* UATVML.app */,
			);
			name = Products;
			sourceTree = "<group>";
		};
		88C963542090F6BA00926B7D /* UATVML */ = {
			isa = PBXGroup;
			children = (
				88C963552090F6BA00926B7D /* AppDelegate.swift */,
				88C963572090F6BA00926B7D /* application.js */,
				88F5463420978AB800E0AABA /* NextPage.xml */,
				88F5463620978AF300E0AABA /* PageNavigation.xml */,
				88F54632209788FE00E0AABA /* HelloWorld.xml */,
				88C963582090F6BC00926B7D /* Assets.xcassets */,
				88C9635A2090F6BC00926B7D /* Info.plist */,
			);
			path = UATVML;
			sourceTree = "<group>";
		};
/* End PBXGroup section */

/* Begin PBXNativeTarget section */
		88C963512090F6BA00926B7D /* UATVML */ = {
			isa = PBXNativeTarget;
			buildConfigurationList = 88C9635D2090F6BC00926B7D /* Build configuration list for PBXNativeTarget "UATVML" */;
			buildPhases = (
				88C9634E2090F6BA00926B7D /* Sources */,
				88C9634F2090F6BA00926B7D /* Frameworks */,
				88C963502090F6BA00926B7D /* Resources */,
			);
			buildRules = (
			);
			dependencies = (
			);
			name = UATVML;
			productName = UATVML;
			productReference = 88C963522090F6BA00926B7D /* UATVML.app */;
			productType = "com.apple.product-type.application";
		};
/* End PBXNativeTarget section */

/* Begin PBXProject section */
		88C9634A2090F6BA00926B7D /* Project object */ = {
			isa = PBXProject;
			attributes = {
				LastSwiftUpdateCheck = 0930;
				LastUpgradeCheck = 0930;
				ORGANIZATIONNAME = "Michael L. Collard";
				TargetAttributes = {
					88C963512090F6BA00926B7D = {
						CreatedOnToolsVersion = 9.3;
					};
				};
			};
			buildConfigurationList = 88C9634D2090F6BA00926B7D /* Build configuration list for PBXProject "UATVML" */;
			compatibilityVersion = "Xcode 9.3";
			developmentRegion = en;
			hasScannedForEncodings = 0;
			knownRegions = (
				en,
			);
			mainGroup = 88C963492090F6BA00926B7D;
			productRefGroup = 88C963532090F6BA00926B7D /* Products */;
			projectDirPath = "";
			projectRoot = "";
			targets = (
				88C963512090F6BA00926B7D /* UATVML */,
			);
		};
/* End PBXProject section */

/* Begin PBXResourcesBuildPhase section */
		88C963502090F6BA00926B7D /* Resources */ = {
			isa = PBXResourcesBuildPhase;
			buildActionMask = 2147483647;
			files = (
				88C963592090F6BC00926B7D /* Assets.xcassets in Resources */,
				88F54633209788FE00E0AABA /* HelloWorld.xml in Resources */,
				88F5463720978AF300E0AABA /* PageNavigation.xml in Resources */,
				88F5463520978AB800E0AABA /* NextPage.xml in Resources */,
			);
			runOnlyForDeploymentPostprocessing = 0;
		};
/* End PBXResourcesBuildPhase section */

/* Begin PBXSourcesBuildPhase section */
		88C9634E2090F6BA00926B7D /* Sources */ = {
			isa = PBXSourcesBuildPhase;
			buildActionMask = 2147483647;
			files = (
				88C963562090F6BA00926B7D /* AppDelegate.swift in Sources */,
			);
			runOnlyForDeploymentPostprocessing = 0;
		};
/* End PBXSourcesBuildPhase section */

/* Begin XCBuildConfiguration section */
		88C9635B2090F6BC00926B7D /* Debug */ = {
			isa = XCBuildConfiguration;
			buildSettings = {
				ALWAYS_SEARCH_USER_PATHS = NO;
				CLANG_ANALYZER_NONNULL = YES;
				CLANG_ANALYZER_NUMBER_OBJECT_CONVERSION = YES_AGGRESSIVE;
				CLANG_CXX_LANGUAGE_STANDARD = "gnu++14";
				CLANG_CXX_LIBRARY = "libc++";
				CLANG_ENABLE_MODULES = YES;
				CLANG_ENABLE_OBJC_ARC = YES;
				CLANG_ENABLE_OBJC_WEAK = YES;
				CLANG_WARN_BLOCK_CAPTURE_AUTORELEASING = YES;
				CLANG_WARN_BOOL_CONVERSION = YES;
				CLANG_WARN_COMMA = YES;
				CLANG_WARN_CONSTANT_CONVERSION = YES;
				CLANG_WARN_DEPRECATED_OBJC_IMPLEMENTATIONS = YES;
				CLANG_WARN_DIRECT_OBJC_ISA_USAGE = YES_ERROR;
				CLANG_WARN_DOCUMENTATION_COMMENTS = YES;
				CLANG_WARN_EMPTY_BODY = YES;
				CLANG_WARN_ENUM_CONVERSION = YES;
				CLANG_WARN_INFINITE_RECURSION = YES;
				CLANG_WARN_INT_CONVERSION = YES;
				CLANG_WARN_NON_LITERAL_NULL_CONVERSION = YES;
				CLANG_WARN_OBJC_IMPLICIT_RETAIN_SELF = YES;
				CLANG_WARN_OBJC_LITERAL_CONVERSION = YES;
				CLANG_WARN_OBJC_ROOT_CLASS = YES_ERROR;
				CLANG_WARN_RANGE_LOOP_ANALYSIS = YES;
				CLANG_WARN_STRICT_PROTOTYPES = YES;
				CLANG_WARN_SUSPICIOUS_MOVE = YES;
				CLANG_WARN_UNGUARDED_AVAILABILITY = YES_AGGRESSIVE;
				CLANG_WARN_UNREACHABLE_CODE = YES;
				CLANG_WARN__DUPLICATE_METHOD_MATCH = YES;
				COPY_PHASE_STRIP = NO;
				DEBUG_INFORMATION_FORMAT = dwarf;
				ENABLE_STRICT_OBJC_MSGSEND = YES;
				ENABLE_TESTABILITY = YES;
				GCC_C_LANGUAGE_STANDARD = gnu11;
				GCC_DYNAMIC_NO_PIC = NO;
				GCC_NO_COMMON_BLOCKS = YES;
				GCC_OPTIMIZATION_LEVEL = 0;
				GCC_PREPROCESSOR_DEFINITIONS = (
					"DEBUG=1",
					"$(inherited)",
				);
				GCC_WARN_64_TO_32_BIT_CONVERSION = YES;
				GCC_WARN_ABOUT_RETURN_TYPE = YES_ERROR;
				GCC_WARN_UNDECLARED_SELECTOR = YES;
				GCC_WARN_UNINITIALIZED_AUTOS = YES_AGGRESSIVE;
				GCC_WARN_UNUSED_FUNCTION = YES;
				GCC_WARN_UNUSED_VARIABLE = YES;
				MTL_ENABLE_DEBUG_INFO = YES;
				ONLY_ACTIVE_ARCH = YES;
				SDKROOT = appletvos;
				SWIFT_ACTIVE_COMPILATION_CONDITIONS = DEBUG;
				SWIFT_OPTIMIZATION_LEVEL = "-Onone";
				TVOS_DEPLOYMENT_TARGET = 11.3;
			};
			name = Debug;
		};
		88C9635C2090F6BC00926B7D /* Release */ = {
			isa = XCBuildConfiguration;
			buildSettings = {
				ALWAYS_SEARCH_USER_PATHS = NO;
				CLANG_ANALYZER_NONNULL = YES;
				CLANG_ANALYZER_NUMBER_OBJECT_CONVERSION = YES_AGGRESSIVE;
				CLANG_CXX_LANGUAGE_STANDARD = "gnu++14";
				CLANG_CXX_LIBRARY = "libc++";
				CLANG_ENABLE_MODULES = YES;
				CLANG_ENABLE_OBJC_ARC = YES;
				CLANG_ENABLE_OBJC_WEAK = YES;
				CLANG_WARN_BLOCK_CAPTURE_AUTORELEASING = YES;
				CLANG_WARN_BOOL_CONVERSION = YES;
				CLANG_WARN_COMMA = YES;
				CLANG_WARN_CONSTANT_CONVERSION = YES;
				CLANG_WARN_DEPRECATED_OBJC_IMPLEMENTATIONS = YES;
				CLANG_WARN_DIRECT_OBJC_ISA_USAGE = YES_ERROR;
				CLANG_WARN_DOCUMENTATION_COMMENTS = YES;
				CLANG_WARN_EMPTY_BODY = YES;
				CLANG_WARN_ENUM_CONVERSION = YES;
				CLANG_WARN_INFINITE_RECURSION = YES;
				CLANG_WARN_INT_CONVERSION = YES;
				CLANG_WARN_NON_LITERAL_NULL_CONVERSION = YES;
				CLANG_WARN_OBJC_IMPLICIT_RETAIN_SELF = YES;
				CLANG_WARN_OBJC_LITERAL_CONVERSION = YES;
				CLANG_WARN_OBJC_ROOT_CLASS = YES_ERROR;
				CLANG_WARN_RANGE_LOOP_ANALYSIS = YES;
				CLANG_WARN_STRICT_PROTOTYPES = YES;
				CLANG_WARN_SUSPICIOUS_MOVE = YES;
				CLANG_WARN_UNGUARDED_AVAILABILITY = YES_AGGRESSIVE;
				CLANG_WARN_UNREACHABLE_CODE = YES;
				CLANG_WARN__DUPLICATE_METHOD_MATCH = YES;
				COPY_PHASE_STRIP = NO;
				DEBUG_INFORMATION_FORMAT = "dwarf-with-dsym";
				ENABLE_NS_ASSERTIONS = NO;
				ENABLE_STRICT_OBJC_MSGSEND = YES;
				GCC_C_LANGUAGE_STANDARD = gnu11;
				GCC_NO_COMMON_BLOCKS = YES;
				GCC_WARN_64_TO_32_BIT_CONVERSION = YES;
				GCC_WARN_ABOUT_RETURN_TYPE = YES_ERROR;
				GCC_WARN_UNDECLARED_SELECTOR = YES;
				GCC_WARN_UNINITIALIZED_AUTOS = YES_AGGRESSIVE;
				GCC_WARN_UNUSED_FUNCTION = YES;
				GCC_WARN_UNUSED_VARIABLE = YES;
				MTL_ENABLE_DEBUG_INFO = NO;
				SDKROOT = appletvos;
				SWIFT_COMPILATION_MODE = wholemodule;
				SWIFT_OPTIMIZATION_LEVEL = "-O";
				TVOS_DEPLOYMENT_TARGET = 11.3;
				VALIDATE_PRODUCT = YES;
			};
			name = Release;
		};
		88C9635E2090F6BC00926B7D /* Debug */ = {
			isa = XCBuildConfiguration;
			buildSettings = {
				ASSETCATALOG_COMPILER_APPICON_NAME = "App Icon & Top Shelf Image";
				ASSETCATALOG_COMPILER_LAUNCHIMAGE_NAME = LaunchImage;
				CODE_SIGN_STYLE = Automatic;
				DEVELOPMENT_TEAM = 3FT8PS6NT6;
				INFOPLIST_FILE = UATVML/Info.plist;
				LD_RUNPATH_SEARCH_PATHS = (
					"$(inherited)",
					"@executable_path/Frameworks",
				);
				PRODUCT_BUNDLE_IDENTIFIER = edu.uakron.cs.ios.UATVML;
				PRODUCT_NAME = "$(TARGET_NAME)";
				SWIFT_VERSION = 4.0;
				TARGETED_DEVICE_FAMILY = 3;
			};
			name = Debug;
		};
		88C9635F2090F6BC00926B7D /* Release */ = {
			isa = XCBuildConfiguration;
			buildSettings = {
				ASSETCATALOG_COMPILER_APPICON_NAME = "App Icon & Top Shelf Image";
				ASSETCATALOG_COMPILER_LAUNCHIMAGE_NAME = LaunchImage;
				CODE_SIGN_STYLE = Automatic;
				DEVELOPMENT_TEAM = 3FT8PS6NT6;
				INFOPLIST_FILE = UATVML/Info.plist;
				LD_RUNPATH_SEARCH_PATHS = (
					"$(inherited)",
					"@executable_path/Frameworks",
				);
				PRODUCT_BUNDLE_IDENTIFIER = edu.uakron.cs.ios.UATVML;
				PRODUCT_NAME = "$(TARGET_NAME)";
				SWIFT_VERSION = 4.0;
				TARGETED_DEVICE_FAMILY = 3;
			};
			name = Release;
		};
/* End XCBuildConfiguration section */

/* Begin XCConfigurationList section */
		88C9634D2090F6BA00926B7D /* Build configuration list for PBXProject "UATVML" */ = {
			isa = XCConfigurationList;
			buildConfigurations = (
				88C9635B2090F6BC00926B7D /* Debug */,
				88C9635C2090F6BC00926B7D /* Release */,
			);
			defaultConfigurationIsVisible = 0;
			defaultConfigurationName = Release;
		};
		88C9635D2090F6BC00926B7D /* Build configuration list for PBXNativeTarget "UATVML" */ = {
			isa = XCConfigurationList;
			buildConfigurations = (
				88C9635E2090F6BC00926B7D /* Debug */,
				88C9635F2090F6BC00926B7D /* Release */,
			);
			defaultConfigurationIsVisible = 0;
			defaultConfigurationName = Release;
		};
/* End XCConfigurationList section */
	};
	rootObject = 88C9634A2090F6BA00926B7D /* Project object */;
}
